{
  "name": "basic-js",
  "version": "1.0.0",
  "lockfileVersion": 2,
  "requires": true,
  "packages": {
    "": {
      "name": "basic-js",
      "version": "1.0.0",
      "license": "MIT",
      "devDependencies": {
        "chai": "^6.2.0"
      },
      "engines": {
        "node": ">=22",
        "npm": ">=10"
      }
    },
    "node_modules/chai": {
      "version": "6.2.0",
      "resolved": "https://registry.npmjs.org/chai/-/chai-6.2.0.tgz",
      "integrity": "sha512-aUTnJc/JipRzJrNADXVvpVqi6CO0dn3nx4EVPxijri+fj3LUUDyZQOgVeW54Ob3Y1Xh9Iz8f+CgaCl8v0mn9bA==",
      "dev": true,
      "license": "MIT",
      "engines": {
        "node": ">=18"
      }
    }
  },
  "dependencies": {
    "chai": {
      "version": "6.2.0",
      "resolved": "https://registry.npmjs.org/chai/-/chai-6.2.0.tgz",
      "integrity": "sha512-aUTnJc/JipRzJrNADXVvpVqi6CO0dn3nx4EVPxijri+fj3LUUDyZQOgVeW54Ob3Y1Xh9Iz8f+CgaCl8v0mn9bA==",
      "dev": true
    }
  }
}
